// !$*UTF8*$!
{
	archiveVersion = 1;
	classes = {
	};
	objectVersion = 46;
	objects = {

/* Begin PBXBuildFile section */
		7BC3DCD91CE774A200D9798A /* AppDelegate.swift in Sources */ = {isa = PBXBuildFile; fileRef = 7BC3DCD81CE774A200D9798A /* AppDelegate.swift */; };
		7BC3DCDB1CE774A200D9798A /* ViewController.swift in Sources */ = {isa = PBXBuildFile; fileRef = 7BC3DCDA1CE774A200D9798A /* ViewController.swift */; };
		7BC3DCDE1CE774A200D9798A /* Main.storyboard in Resources */ = {isa = PBXBuildFile; fileRef = 7BC3DCDC1CE774A200D9798A /* Main.storyboard */; };
		7BC3DCE01CE774A200D9798A /* Assets.xcassets in Resources */ = {isa = PBXBuildFile; fileRef = 7BC3DCDF1CE774A200D9798A /* Assets.xcassets */; };
		7BC3DCE31CE774A200D9798A /* LaunchScreen.storyboard in Resources */ = {isa = PBXBuildFile; fileRef = 7BC3DCE11CE774A200D9798A /* LaunchScreen.storyboard */; };
		7BE2C3AF1CE77C5100EEF041 /* Fabric.framework in Frameworks */ = {isa = PBXBuildFile; fileRef = 7BE2C3AB1CE77C5100EEF041 /* Fabric.framework */; };
		7BE2C3B01CE77C5100EEF041 /* TwitterKit.framework in Frameworks */ = {isa = PBXBuildFile; fileRef = 7BE2C3AC1CE77C5100EEF041 /* TwitterKit.framework */; };
		7BE2C3B11CE77C5100EEF041 /* TwitterKitResources.bundle in Resources */ = {isa = PBXBuildFile; fileRef = 7BE2C3AD1CE77C5100EEF041 /* TwitterKitResources.bundle */; };
		7BE2C3B21CE77C5100EEF041 /* TwitterCore.framework in Frameworks */ = {isa = PBXBuildFile; fileRef = 7BE2C3AE1CE77C5100EEF041 /* TwitterCore.framework */; };
/* End PBXBuildFile section */

/* Begin PBXFileReference section */
		7BC3DCD51CE774A200D9798A /* Twitter Integration.app */ = {isa = PBXFileReference; explicitFileType = wrapper.application; includeInIndex = 0; path = "Twitter Integration.app"; sourceTree = BUILT_PRODUCTS_DIR; };
		7BC3DCD81CE774A200D9798A /* AppDelegate.swift */ = {isa = PBXFileReference; lastKnownFileType = sourcecode.swift; path = AppDelegate.swift; sourceTree = "<group>"; };
		7BC3DCDA1CE774A200D9798A /* ViewController.swift */ = {isa = PBXFileReference; lastKnownFileType = sourcecode.swift; path = ViewController.swift; sourceTree = "<group>"; };
		7BC3DCDD1CE774A200D9798A /* Base */ = {isa = PBXFileReference; lastKnownFileType = file.storyboard; name = Base; path = Base.lproj/Main.storyboard; sourceTree = "<group>"; };
		7BC3DCDF1CE774A200D9798A /* Assets.xcassets */ = {isa = PBXFileReference; lastKnownFileType = folder.assetcatalog; path = Assets.xcassets; sourceTree = "<group>"; };
		7BC3DCE21CE774A200D9798A /* Base */ = {isa = PBXFileReference; lastKnownFileType = file.storyboard; name = Base; path = Base.lproj/LaunchScreen.storyboard; sourceTree = "<group>"; };
		7BC3DCE41CE774A200D9798A /* Info.plist */ = {isa = PBXFileReference; lastKnownFileType = text.plist.xml; path = Info.plist; sourceTree = "<group>"; };
		7BE2C3AB1CE77C5100EEF041 /* Fabric.framework */ = {isa = PBXFileReference; lastKnownFileType = wrapper.framework; path = Fabric.framework; sourceTree = SOURCE_ROOT; };
		7BE2C3AC1CE77C5100EEF041 /* TwitterKit.framework */ = {isa = PBXFileReference; lastKnownFileType = wrapper.framework; path = TwitterKit.framework; sourceTree = SOURCE_ROOT; };
		7BE2C3AD1CE77C5100EEF041 /* TwitterKitResources.bundle */ = {isa = PBXFileReference; lastKnownFileType = "wrapper.plug-in"; name = TwitterKitResources.bundle; path = TwitterKit.framework/Versions/A/Resources/TwitterKitResources.bundle; sourceTree = SOURCE_ROOT; };
		7BE2C3AE1CE77C5100EEF041 /* TwitterCore.framework */ = {isa = PBXFileReference; lastKnownFileType = wrapper.framework; path = TwitterCore.framework; sourceTree = SOURCE_ROOT; };
/* End PBXFileReference section */

/* Begin PBXFrameworksBuildPhase section */
		7BC3DCD21CE774A200D9798A /* Frameworks */ = {
			isa = PBXFrameworksBuildPhase;
			buildActionMask = 2147483647;
			files = (
				7BE2C3AF1CE77C5100EEF041 /* Fabric.framework in Frameworks */,
				7BE2C3B21CE77C5100EEF041 /* TwitterCore.framework in Frameworks */,
				7BE2C3B01CE77C5100EEF041 /* TwitterKit.framework in Frameworks */,
			);
			runOnlyForDeploymentPostprocessing = 0;
		};
/* End PBXFrameworksBuildPhase section */

/* Begin PBXGroup section */
		7BC3DCCC1CE774A200D9798A = {
			isa = PBXGroup;
			children = (
				7BC3DCD71CE774A200D9798A /* Twitter Integration */,
				7BC3DCD61CE774A200D9798A /* Products */,
			);
			sourceTree = "<group>";
		};
		7BC3DCD61CE774A200D9798A /* Products */ = {
			isa = PBXGroup;
			children = (
				7BC3DCD51CE774A200D9798A /* Twitter Integration.app */,
			);
			name = Products;
			sourceTree = "<group>";
		};
		7BC3DCD71CE774A200D9798A /* Twitter Integration */ = {
			isa = PBXGroup;
			children = (
				7BE2C3AA1CE77C2300EEF041 /* Fabric */,
				7BC3DCD81CE774A200D9798A /* AppDelegate.swift */,
				7BC3DCDA1CE774A200D9798A /* ViewController.swift */,
				7BC3DCDC1CE774A200D9798A /* Main.storyboard */,
				7BC3DCDF1CE774A200D9798A /* Assets.xcassets */,
				7BC3DCE11CE774A200D9798A /* LaunchScreen.storyboard */,
				7BC3DCE41CE774A200D9798A /* Info.plist */,
			);
			path = "Twitter Integration";
			sourceTree = "<group>";
		};
		7BE2C3AA1CE77C2300EEF041 /* Fabric */ = {
			isa = PBXGroup;
			children = (
				7BE2C3AB1CE77C5100EEF041 /* Fabric.framework */,
				7BE2C3AC1CE77C5100EEF041 /* TwitterKit.framework */,
				7BE2C3AD1CE77C5100EEF041 /* TwitterKitResources.bundle */,
				7BE2C3AE1CE77C5100EEF041 /* TwitterCore.framework */,
			);
			name = Fabric;
			sourceTree = "<group>";
		};
/* End PBXGroup section */

/* Begin PBXNativeTarget section */
		7BC3DCD41CE774A200D9798A /* Twitter Integration */ = {
			isa = PBXNativeTarget;
			buildConfigurationList = 7BC3DCE71CE774A200D9798A /* Build configuration list for PBXNativeTarget "Twitter Integration" */;
			buildPhases = (
				7BC3DCD11CE774A200D9798A /* Sources */,
				7BC3DCD21CE774A200D9798A /* Frameworks */,
				7BC3DCD31CE774A200D9798A /* Resources */,
				7BE2C3A91CE77BDD00EEF041 /* ShellScript */,
			);
			buildRules = (
			);
			dependencies = (
			);
			name = "Twitter Integration";
			productName = "Twitter Integration";
			productReference = 7BC3DCD51CE774A200D9798A /* Twitter Integration.app */;
			productType = "com.apple.product-type.application";
		};
/* End PBXNativeTarget section */

/* Begin PBXProject section */
		7BC3DCCD1CE774A200D9798A /* Project object */ = {
			isa = PBXProject;
			attributes = {
				LastSwiftUpdateCheck = 0720;
				LastUpgradeCheck = 0720;
				ORGANIZATIONNAME = "Aaqib Hussain";
				TargetAttributes = {
					7BC3DCD41CE774A200D9798A = {
						CreatedOnToolsVersion = 7.2;
					};
				};
			};
			buildConfigurationList = 7BC3DCD01CE774A200D9798A /* Build configuration list for PBXProject "Twitter Integration" */;
			compatibilityVersion = "Xcode 3.2";
			developmentRegion = English;
			hasScannedForEncodings = 0;
			knownRegions = (
				en,
				Base,
			);
			mainGroup = 7BC3DCCC1CE774A200D9798A;
			productRefGroup = 7BC3DCD61CE774A200D9798A /* Products */;
			projectDirPath = "";
			projectRoot = "";
			targets = (
				7BC3DCD41CE774A200D9798A /* Twitter Integration */,
			);
		};
/* End PBXProject section */

/* Begin PBXResourcesBuildPhase section */
		7BC3DCD31CE774A200D9798A /* Resources */ = {
			isa = PBXResourcesBuildPhase;
			buildActionMask = 2147483647;
			files = (
				7BE2C3B11CE77C5100EEF041 /* TwitterKitResources.bundle in Resources */,
				7BC3DCE31CE774A200D9798A /* LaunchScreen.storyboard in Resources */,
				7BC3DCE01CE774A200D9798A /* Assets.xcassets in Resources */,
				7BC3DCDE1CE774A200D9798A /* Main.storyboard in Resources */,
			);
			runOnlyForDeploymentPostprocessing = 0;
		};
/* End PBXResourcesBuildPhase section */

/* Begin PBXShellScriptBuildPhase section */
		7BE2C3A91CE77BDD00EEF041 /* ShellScript */ = {
			isa = PBXShellScriptBuildPhase;
			buildActionMask = 2147483647;
			files = (
			);
			inputPaths = (
			);
			outputPaths = (
			);
			runOnlyForDeploymentPostprocessing = 0;
			shellPath = /bin/sh;
			shellScript = "./Fabric.framework/run 79a0d636bd6e4222e0c80fc711105aa9b4a61c6d 625c2bec76bfc33ca652f4044a91f0a4bd38036be013d0e268496f6b2738339f";
		};
/* End PBXShellScriptBuildPhase section */

/* Begin PBXSourcesBuildPhase section */
		7BC3DCD11CE774A200D9798A /* Sources */ = {
			isa = PBXSourcesBuildPhase;
			buildActionMask = 2147483647;
			files = (
				7BC3DCDB1CE774A200D9798A /* ViewController.swift in Sources */,
				7BC3DCD91CE774A200D9798A /* AppDelegate.swift in Sources */,
			);
			runOnlyForDeploymentPostprocessing = 0;
		};
/* End PBXSourcesBuildPhase section */

/* Begin PBXVariantGroup section */
		7BC3DCDC1CE774A200D9798A /* Main.storyboard */ = {
			isa = PBXVariantGroup;
			children = (
				7BC3DCDD1CE774A200D9798A /* Base */,
			);
			name = Main.storyboard;
			sourceTree = "<group>";
		};
		7BC3DCE11CE774A200D9798A /* LaunchScreen.storyboard */ = {
			isa = PBXVariantGroup;
			children = (
				7BC3DCE21CE774A200D9798A /* Base */,
			);
			name = LaunchScreen.storyboard;
			sourceTree = "<group>";
		};
/* End PBXVariantGroup section */

/* Begin XCBuildConfiguration section */
		7BC3DCE51CE774A200D9798A /* Debug */ = {
			isa = XCBuildConfiguration;
			buildSettings = {
				ALWAYS_SEARCH_USER_PATHS = NO;
				CLANG_CXX_LANGUAGE_STANDARD = "gnu++0x";
				CLANG_CXX_LIBRARY = "libc++";
				CLANG_ENABLE_MODULES = YES;
				CLANG_ENABLE_OBJC_ARC = YES;
				CLANG_WARN_BOOL_CONVERSION = YES;
				CLANG_WARN_CONSTANT_CONVERSION = YES;
				CLANG_WARN_DIRECT_OBJC_ISA_USAGE = YES_ERROR;
				CLANG_WARN_EMPTY_BODY = YES;
				CLANG_WARN_ENUM_CONVERSION = YES;
				CLANG_WARN_INT_CONVERSION = YES;
				CLANG_WARN_OBJC_ROOT_CLASS = YES_ERROR;
				CLANG_WARN_UNREACHABLE_CODE = YES;
				CLANG_WARN__DUPLICATE_METHOD_MATCH = YES;
				"CODE_SIGN_IDENTITY[sdk=iphoneos*]" = "iPhone Developer";
				COPY_PHASE_STRIP = NO;
				DEBUG_INFORMATION_FORMAT = dwarf;
				ENABLE_STRICT_OBJC_MSGSEND = YES;
				ENABLE_TESTABILITY = YES;
				GCC_C_LANGUAGE_STANDARD = gnu99;
				GCC_DYNAMIC_NO_PIC = NO;
				GCC_NO_COMMON_BLOCKS = YES;
				GCC_OPTIMIZATION_LEVEL = 0;
				GCC_PREPROCESSOR_DEFINITIONS = (
					"DEBUG=1",
					"$(inherited)",
				);
				GCC_WARN_64_TO_32_BIT_CONVERSION = YES;
				GCC_WARN_ABOUT_RETURN_TYPE = YES_ERROR;
				GCC_WARN_UNDECLARED_SELECTOR = YES;
				GCC_WARN_UNINITIALIZED_AUTOS = YES_AGGRESSIVE;
				GCC_WARN_UNUSED_FUNCTION = YES;
				GCC_WARN_UNUSED_VARIABLE = YES;
				IPHONEOS_DEPLOYMENT_TARGET = 9.2;
				MTL_ENABLE_DEBUG_INFO = YES;
				ONLY_ACTIVE_ARCH = YES;
				SDKROOT = iphoneos;
				SWIFT_OPTIMIZATION_LEVEL = "-Onone";
				TARGETED_DEVICE_FAMILY = "1,2";
			};
			name = Debug;
		};
		7BC3DCE61CE774A200D9798A /* Release */ = {
			isa = XCBuildConfiguration;
			buildSettings = {
				ALWAYS_SEARCH_USER_PATHS = NO;
				CLANG_CXX_LANGUAGE_STANDARD = "gnu++0x";
				CLANG_CXX_LIBRARY = "libc++";
				CLANG_ENABLE_MODULES = YES;
				CLANG_ENABLE_OBJC_ARC = YES;
				CLANG_WARN_BOOL_CONVERSION = YES;
				CLANG_WARN_CONSTANT_CONVERSION = YES;
				CLANG_WARN_DIRECT_OBJC_ISA_USAGE = YES_ERROR;
				CLANG_WARN_EMPTY_BODY = YES;
				CLANG_WARN_ENUM_CONVERSION = YES;
				CLANG_WARN_INT_CONVERSION = YES;
				CLANG_WARN_OBJC_ROOT_CLASS = YES_ERROR;
				CLANG_WARN_UNREACHABLE_CODE = YES;
				CLANG_WARN__DUPLICATE_METHOD_MATCH = YES;
				"CODE_SIGN_IDENTITY[sdk=iphoneos*]" = "iPhone Developer";
				COPY_PHASE_STRIP = NO;
				DEBUG_INFORMATION_FORMAT = "dwarf-with-dsym";
				ENABLE_NS_ASSERTIONS = NO;
				ENABLE_STRICT_OBJC_MSGSEND = YES;
				GCC_C_LANGUAGE_STANDARD = gnu99;
				GCC_NO_COMMON_BLOCKS = YES;
				GCC_WARN_64_TO_32_BIT_CONVERSION = YES;
				GCC_WARN_ABOUT_RETURN_TYPE = YES_ERROR;
				GCC_WARN_UNDECLARED_SELECTOR = YES;
				GCC_WARN_UNINITIALIZED_AUTOS = YES_AGGRESSIVE;
				GCC_WARN_UNUSED_FUNCTION = YES;
				GCC_WARN_UNUSED_VARIABLE = YES;
				IPHONEOS_DEPLOYMENT_TARGET = 9.2;
				MTL_ENABLE_DEBUG_INFO = NO;
				SDKROOT = iphoneos;
				TARGETED_DEVICE_FAMILY = "1,2";
				VALIDATE_PRODUCT = YES;
			};
			name = Release;
		};
		7BC3DCE81CE774A200D9798A /* Debug */ = {
			isa = XCBuildConfiguration;
			buildSettings = {
				ASSETCATALOG_COMPILER_APPICON_NAME = AppIcon;
				FRAMEWORK_SEARCH_PATHS = (
					"$(inherited)",
					"$(PROJECT_DIR)",
				);
				INFOPLIST_FILE = "Twitter Integration/Info.plist";
				LD_RUNPATH_SEARCH_PATHS = "$(inherited) @executable_path/Frameworks";
				PRODUCT_BUNDLE_IDENTIFIER = "KodeSnippets.Twitter-Integration";
				PRODUCT_NAME = "$(TARGET_NAME)";
			};
			name = Debug;
		};
		7BC3DCE91CE774A200D9798A /* Release */ = {
			isa = XCBuildConfiguration;
			buildSettings = {
				ASSETCATALOG_COMPILER_APPICON_NAME = AppIcon;
				FRAMEWORK_SEARCH_PATHS = (
					"$(inherited)",
					"$(PROJECT_DIR)",
				);
				INFOPLIST_FILE = "Twitter Integration/Info.plist";
				LD_RUNPATH_SEARCH_PATHS = "$(inherited) @executable_path/Frameworks";
				PRODUCT_BUNDLE_IDENTIFIER = "KodeSnippets.Twitter-Integration";
				PRODUCT_NAME = "$(TARGET_NAME)";
			};
			name = Release;
		};
/* End XCBuildConfiguration section */

/* Begin XCConfigurationList section */
		7BC3DCD01CE774A200D9798A /* Build configuration list for PBXProject "Twitter Integration" */ = {
			isa = XCConfigurationList;
			buildConfigurations = (
				7BC3DCE51CE774A200D9798A /* Debug */,
				7BC3DCE61CE774A200D9798A /* Release */,
			);
			defaultConfigurationIsVisible = 0;
			defaultConfigurationName = Release;
		};
		7BC3DCE71CE774A200D9798A /* Build configuration list for PBXNativeTarget "Twitter Integration" */ = {
			isa = XCConfigurationList;
			buildConfigurations = (
				7BC3DCE81CE774A200D9798A /* Debug */,
				7BC3DCE91CE774A200D9798A /* Release */,
			);
			defaultConfigurationIsVisible = 0;
			defaultConfigurationName = Release;
		};
/* End XCConfigurationList section */
	};
	rootObject = 7BC3DCCD1CE774A200D9798A /* Project object */;
}
